
Microsoft Visual Studio Solution File, Format Version 12.00
# Visual Studio Version 17
VisualStudioVersion = 17.3.32929.385
MinimumVisualStudioVersion = 10.0.40219.1
Project("{9A19103F-16F7-4668-BE54-9A1E7A4F7556}") = "Tahook.Api", "Tahook\Tahook.Api.csproj", "{47056242-1790-4A6C-A5D4-FB869F707977}"
EndProject
Project("{9A19103F-16F7-4668-BE54-9A1E7A4F7556}") = "Tahook.Domain", "TahookDomain\Tahook.Domain.csproj", "{44EA06ED-14B4-4672-BBD9-575D8F0E36C1}"
EndProject
Project("{9A19103F-16F7-4668-BE54-9A1E7A4F7556}") = "Tahook.Infrastructure", "TahookInfrastructure\Tahook.Infrastructure.csproj", "{96A91C55-07BD-48C6-883D-FFCEFE2F0E18}"
EndProject
Project("{9A19103F-16F7-4668-BE54-9A1E7A4F7556}") = "Tahook.Tests", "TahookTests\Tahook.Tests.csproj", "{6AEBC1A9-39A6-4B6E-9451-1FA84C6E1F68}"
EndProject
Project("{2150E333-8FDC-42A3-9474-1A3956D46DE8}") = "Apps", "Apps", "{344E0199-DB3D-4EE3-ABC7-63FC37FBED38}"
EndProject
Project("{2150E333-8FDC-42A3-9474-1A3956D46DE8}") = "Libraries", "Libraries", "{506A9FBE-2461-4D40-9597-72D1CB34E211}"
EndProject
Project("{9A19103F-16F7-4668-BE54-9A1E7A4F7556}") = "Tahook.Host", "Tahook.Host\Tahook.Host.csproj", "{8D6EA4B1-58F0-4982-8F77-AF533EC41D2A}"
EndProject
Project("{9A19103F-16F7-4668-BE54-9A1E7A4F7556}") = "Tahook.User", "Tahook.User\Tahook.User.csproj", "{253169D3-2332-4ECA-870C-079FAF12F578}"
EndProject
Project("{2150E333-8FDC-42A3-9474-1A3956D46DE8}") = "Tests", "Tests", "{6C834107-7C55-43F6-BE90-6D37698D30E1}"
EndProject
Project("{9A19103F-16F7-4668-BE54-9A1E7A4F7556}") = "Tahook.DTO", "DTO\Tahook.DTO.csproj", "{6CE83BE3-6041-41EB-9BC1-1A955BC29453}"
EndProject
Project("{FAE04EC0-301F-11D3-BF4B-00C04F79EFBC}") = "MVVM", "MVVM\MVVM.csproj", "{07A1C5E0-E8E1-4306-A99C-5AAC11A441AD}"
EndProject
Global
	GlobalSection(SolutionConfigurationPlatforms) = preSolution
		Debug|Any CPU = Debug|Any CPU
		Release|Any CPU = Release|Any CPU
	EndGlobalSection
	GlobalSection(ProjectConfigurationPlatforms) = postSolution
		{47056242-1790-4A6C-A5D4-FB869F707977}.Debug|Any CPU.ActiveCfg = Debug|Any CPU
		{47056242-1790-4A6C-A5D4-FB869F707977}.Debug|Any CPU.Build.0 = Debug|Any CPU
		{47056242-1790-4A6C-A5D4-FB869F707977}.Release|Any CPU.ActiveCfg = Release|Any CPU
		{47056242-1790-4A6C-A5D4-FB869F707977}.Release|Any CPU.Build.0 = Release|Any CPU
		{44EA06ED-14B4-4672-BBD9-575D8F0E36C1}.Debug|Any CPU.ActiveCfg = Debug|Any CPU
		{44EA06ED-14B4-4672-BBD9-575D8F0E36C1}.Debug|Any CPU.Build.0 = Debug|Any CPU
		{44EA06ED-14B4-4672-BBD9-575D8F0E36C1}.Release|Any CPU.ActiveCfg = Release|Any CPU
		{44EA06ED-14B4-4672-BBD9-575D8F0E36C1}.Release|Any CPU.Build.0 = Release|Any CPU
		{96A91C55-07BD-48C6-883D-FFCEFE2F0E18}.Debug|Any CPU.ActiveCfg = Debug|Any CPU
		{96A91C55-07BD-48C6-883D-FFCEFE2F0E18}.Debug|Any CPU.Build.0 = Debug|Any CPU
		{96A91C55-07BD-48C6-883D-FFCEFE2F0E18}.Release|Any CPU.ActiveCfg = Release|Any CPU
		{96A91C55-07BD-48C6-883D-FFCEFE2F0E18}.Release|Any CPU.Build.0 = Release|Any CPU
		{6AEBC1A9-39A6-4B6E-9451-1FA84C6E1F68}.Debug|Any CPU.ActiveCfg = Debug|Any CPU
		{6AEBC1A9-39A6-4B6E-9451-1FA84C6E1F68}.Debug|Any CPU.Build.0 = Debug|Any CPU
		{6AEBC1A9-39A6-4B6E-9451-1FA84C6E1F68}.Release|Any CPU.ActiveCfg = Release|Any CPU
		{6AEBC1A9-39A6-4B6E-9451-1FA84C6E1F68}.Release|Any CPU.Build.0 = Release|Any CPU
		{8D6EA4B1-58F0-4982-8F77-AF533EC41D2A}.Debug|Any CPU.ActiveCfg = Debug|Any CPU
		{8D6EA4B1-58F0-4982-8F77-AF533EC41D2A}.Debug|Any CPU.Build.0 = Debug|Any CPU
		{8D6EA4B1-58F0-4982-8F77-AF533EC41D2A}.Release|Any CPU.ActiveCfg = Release|Any CPU
		{8D6EA4B1-58F0-4982-8F77-AF533EC41D2A}.Release|Any CPU.Build.0 = Release|Any CPU
		{253169D3-2332-4ECA-870C-079FAF12F578}.Debug|Any CPU.ActiveCfg = Debug|Any CPU
		{253169D3-2332-4ECA-870C-079FAF12F578}.Debug|Any CPU.Build.0 = Debug|Any CPU
		{253169D3-2332-4ECA-870C-079FAF12F578}.Release|Any CPU.ActiveCfg = Release|Any CPU
		{253169D3-2332-4ECA-870C-079FAF12F578}.Release|Any CPU.Build.0 = Release|Any CPU
		{6CE83BE3-6041-41EB-9BC1-1A955BC29453}.Debug|Any CPU.ActiveCfg = Debug|Any CPU
		{6CE83BE3-6041-41EB-9BC1-1A955BC29453}.Debug|Any CPU.Build.0 = Debug|Any CPU
		{6CE83BE3-6041-41EB-9BC1-1A955BC29453}.Release|Any CPU.ActiveCfg = Release|Any CPU
		{6CE83BE3-6041-41EB-9BC1-1A955BC29453}.Release|Any CPU.Build.0 = Release|Any CPU
		{07A1C5E0-E8E1-4306-A99C-5AAC11A441AD}.Debug|Any CPU.ActiveCfg = Debug|Any CPU
		{07A1C5E0-E8E1-4306-A99C-5AAC11A441AD}.Debug|Any CPU.Build.0 = Debug|Any CPU
		{07A1C5E0-E8E1-4306-A99C-5AAC11A441AD}.Release|Any CPU.ActiveCfg = Release|Any CPU
		{07A1C5E0-E8E1-4306-A99C-5AAC11A441AD}.Release|Any CPU.Build.0 = Release|Any CPU
	EndGlobalSection
	GlobalSection(SolutionProperties) = preSolution
		HideSolutionNode = FALSE
	EndGlobalSection
	GlobalSection(NestedProjects) = preSolution
		{47056242-1790-4A6C-A5D4-FB869F707977} = {344E0199-DB3D-4EE3-ABC7-63FC37FBED38}
		{44EA06ED-14B4-4672-BBD9-575D8F0E36C1} = {506A9FBE-2461-4D40-9597-72D1CB34E211}
		{96A91C55-07BD-48C6-883D-FFCEFE2F0E18} = {506A9FBE-2461-4D40-9597-72D1CB34E211}
		{6AEBC1A9-39A6-4B6E-9451-1FA84C6E1F68} = {6C834107-7C55-43F6-BE90-6D37698D30E1}
		{8D6EA4B1-58F0-4982-8F77-AF533EC41D2A} = {344E0199-DB3D-4EE3-ABC7-63FC37FBED38}
		{253169D3-2332-4ECA-870C-079FAF12F578} = {344E0199-DB3D-4EE3-ABC7-63FC37FBED38}
		{6CE83BE3-6041-41EB-9BC1-1A955BC29453} = {506A9FBE-2461-4D40-9597-72D1CB34E211}
		{07A1C5E0-E8E1-4306-A99C-5AAC11A441AD} = {506A9FBE-2461-4D40-9597-72D1CB34E211}
	EndGlobalSection
	GlobalSection(ExtensibilityGlobals) = postSolution
		SolutionGuid = {B629A7CC-6F63-40BE-ABB4-B6C43F99F452}
	EndGlobalSection
EndGlobal
